{
  "name": "PracticumJS_App",
  "lockfileVersion": 2,
  "requires": true,
  "packages": {
    "": {
      "dependencies": {
        "@carto/carto.js": "^4.2.2"
      }
    },
    "node_modules/@carto/carto.js": {
      "version": "4.2.2",
      "resolved": "https://registry.npmjs.org/@carto/carto.js/-/carto.js-4.2.2.tgz",
      "integrity": "sha512-RGtVCADoZhecNlD2TwJ7nACqeGrPeYB8DeJW45Ngu6AUN5BIAVzBOofoD+pQpxPmfFT3i0jaC79Lu8/tbUXPYQ==",
      "dependencies": {
        "@carto/zera": "1.0.7",
        "backbone": "1.2.3",
        "backbone-poller": "^1.1.3",
        "camshaft-reference": "0.34.0",
        "carto": "github:cartodb/carto#master",
        "clip-path-polygon": "0.1.12",
        "d3-array": "1.2.1",
        "d3-format": "1.2.0",
        "d3-time-format": "2.1.0",
        "jquery": "2.1.4",
        "mustache": "1.1.0",
        "perfect-scrollbar": "git+https://github.com/CartoDB/perfect-scrollbar.git#master",
        "postcss": "5.0.19",
        "promise-polyfill": "^6.1.0",
        "torque.js": "github:CartoDB/torque#master",
        "underscore": "1.8.3",
        "whatwg-fetch": "^2.0.3"
      }
    },
    "node_modules/@carto/zera": {
      "version": "1.0.7",
      "resolved": "https://registry.npmjs.org/@carto/zera/-/zera-1.0.7.tgz",
      "integrity": "sha512-I++EJMuybbNohLsaWMpEcs2gSbUhf0JHDgubT6b63kIB8ox5NS9LHeE39vS1DOUQNlDubLp84QDrSIt/aMpA7A=="
    },
    "node_modules/backbone": {
      "version": "1.2.3",
      "resolved": "https://registry.npmjs.org/backbone/-/backbone-1.2.3.tgz",
      "integrity": "sha1-wiz9B/yG676uYdGJKe0RXpmdZbk=",
      "dependencies": {
        "underscore": ">=1.7.0"
      }
    },
    "node_modules/backbone-poller": {
      "version": "1.1.4",
      "resolved": "https://registry.npmjs.org/backbone-poller/-/backbone-poller-1.1.4.tgz",
      "integrity": "sha512-h+2XFKG0LhsB2dd5cWowV+ySyn46loPk5YL3DWdnRI34KbruI2P4ZNJh/qCl90n3rkAv1laEj4lfSUsbiWjDNQ==",
      "dependencies": {
        "backbone": ">=0.9.*",
        "underscore": "*"
      }
    },
    "node_modules/camshaft-reference": {
      "version": "0.34.0",
      "resolved": "https://registry.npmjs.org/camshaft-reference/-/camshaft-reference-0.34.0.tgz",
      "integrity": "sha512-oz/NyTrgQBgWBDEbjC/s00XWp/O6qxjOJpNffSlNuT30BvGNsEmfWAgMThOD9SzDkuVgTJbHZGlBr4vkYt5Bew=="
    },
    "node_modules/carto": {
      "version": "0.15.1-cdb5",
      "resolved": "git+ssh://git@github.com/cartodb/carto.git#85881d99dd7fcf2c4e16478b04db67108d27a50c",
      "dependencies": {
        "mapnik-reference": "~6.0.2",
        "optimist": "~0.6.0",
        "underscore": "1.8.3"
      },
      "bin": {
        "carto": "bin/carto"
      },
      "engines": {
        "node": ">=0.4.x"
      }
    },
    "node_modules/cartocolor": {
      "version": "4.0.2",
      "resolved": "https://registry.npmjs.org/cartocolor/-/cartocolor-4.0.2.tgz",
      "integrity": "sha512-+Gh9mb6lFxsDOLQlBLPxAHCnWXlg2W8q3AcVwqRcy95TdBbcOU89Wrb6h2Hd/6Ww1Kc1pzXmUdpnWD+xeCG0dg==",
      "dependencies": {
        "colorbrewer": "1.0.0"
      }
    },
    "node_modules/clip-path-polygon": {
      "version": "0.1.12",
      "resolved": "https://registry.npmjs.org/clip-path-polygon/-/clip-path-polygon-0.1.12.tgz",
      "integrity": "sha1-mK+nZEHqbBJWfLELSg+kVrre2kU=",
      "dependencies": {
        "jquery": "2.1.4"
      }
    },
    "node_modules/colorbrewer": {
      "version": "1.0.0",
      "resolved": "https://registry.npmjs.org/colorbrewer/-/colorbrewer-1.0.0.tgz",
      "integrity": "sha1-T5czO5abp2Ejgr5LwzlLNB+0yKI="
    },
    "node_modules/d3": {
      "version": "3.5.17",
      "resolved": "https://registry.npmjs.org/d3/-/d3-3.5.17.tgz",
      "integrity": "sha1-vEZ0gAQ3iyGjYMn8fPUjF5B2L7g="
    },
    "node_modules/d3-array": {
      "version": "1.2.1",
      "resolved": "https://registry.npmjs.org/d3-array/-/d3-array-1.2.1.tgz",
      "integrity": "sha512-CyINJQ0SOUHojDdFDH4JEM0552vCR1utGyLHegJHyYH0JyCpSeTPxi4OBqHMA2jJZq4NH782LtaJWBImqI/HBw=="
    },
    "node_modules/d3-format": {
      "version": "1.2.0",
      "resolved": "https://registry.npmjs.org/d3-format/-/d3-format-1.2.0.tgz",
      "integrity": "sha1-a0gLqohohdRlHcJIqPSsnaFtsHo="
    },
    "node_modules/d3-time": {
      "version": "1.1.0",
      "resolved": "https://registry.npmjs.org/d3-time/-/d3-time-1.1.0.tgz",
      "integrity": "sha512-Xh0isrZ5rPYYdqhAVk8VLnMEidhz5aP7htAADH6MfzgmmicPkTo8LhkLxci61/lCB7n7UmE3bN0leRt+qvkLxA=="
    },
    "node_modules/d3-time-format": {
      "version": "2.1.0",
      "resolved": "https://registry.npmjs.org/d3-time-format/-/d3-time-format-2.1.0.tgz",
      "integrity": "sha512-mqTsfDTylgwE3YE/VNs9oB2OGX274fO0B5j1irbgLQI+X3FPoJg25pesNxrcdZ2nBeRx/6sHDJlDyMIjWL0BGQ==",
      "dependencies": {
        "d3-time": "1"
      }
    },
    "node_modules/debug": {
      "version": "3.2.7",
      "resolved": "https://registry.npmjs.org/debug/-/debug-3.2.7.tgz",
      "integrity": "sha512-CFjzYYAi4ThfiQvizrFQevTTXHtnCqWfe7x1AhgEscTz6ZbLbfoLRLPugTQyBth6f8ZERVUSyWHFD/7Wu4t1XQ==",
      "dependencies": {
        "ms": "^2.1.1"
      }
    },
    "node_modules/es6-promise": {
      "version": "3.1.2",
      "resolved": "https://registry.npmjs.org/es6-promise/-/es6-promise-3.1.2.tgz",
      "integrity": "sha1-eV4lzrR/e6uyY9FRr77dktGOagc="
    },
    "node_modules/has-flag": {
      "version": "1.0.0",
      "resolved": "https://registry.npmjs.org/has-flag/-/has-flag-1.0.0.tgz",
      "integrity": "sha1-nZ55MWXOAXoA8AQYxD+UKnsdEfo=",
      "engines": {
        "node": ">=0.10.0"
      }
    },
    "node_modules/jquery": {
      "version": "2.1.4",
      "resolved": "https://registry.npmjs.org/jquery/-/jquery-2.1.4.tgz",
      "integrity": "sha1-IoveaYoMYUMdwmMKahVPFYkNIxc="
    },
    "node_modules/js-base64": {
      "version": "2.6.4",
      "resolved": "https://registry.npmjs.org/js-base64/-/js-base64-2.6.4.tgz",
      "integrity": "sha512-pZe//GGmwJndub7ZghVHz7vjb2LgC1m8B07Au3eYqeqv9emhESByMXxaEgkUkEqJe87oBbSniGYoQNIBklc7IQ=="
    },
    "node_modules/mapnik-reference": {
      "version": "6.0.5",
      "resolved": "https://registry.npmjs.org/mapnik-reference/-/mapnik-reference-6.0.5.tgz",
      "integrity": "sha1-1SMZ4d+I5aB6gR6E3vKhpCO28F8=",
      "engines": {
        "node": "*"
      }
    },
    "node_modules/minimist": {
      "version": "0.0.10",
      "resolved": "https://registry.npmjs.org/minimist/-/minimist-0.0.10.tgz",
      "integrity": "sha1-3j+YVD2/lggr5IrRoMfNqDYwHc8="
    },
    "node_modules/ms": {
      "version": "2.1.3",
      "resolved": "https://registry.npmjs.org/ms/-/ms-2.1.3.tgz",
      "integrity": "sha512-6FlzubTLZG3J2a/NVCAleEhjzq5oxgHyaCU9yYXvcLsvoVaHJq/s5xXI6/XXP6tz7R9xAOtHnSO/tXtF3WRTlA=="
    },
    "node_modules/mustache": {
      "version": "1.1.0",
      "resolved": "https://registry.npmjs.org/mustache/-/mustache-1.1.0.tgz",
      "integrity": "sha1-DZpVS0s/niSObCdCwledYY0v8A8=",
      "bin": {
        "mustache": "bin/mustache"
      },
      "engines": {
        "npm": ">=1.4.0"
      }
    },
    "node_modules/optimist": {
      "version": "0.6.1",
      "resolved": "https://registry.npmjs.org/optimist/-/optimist-0.6.1.tgz",
      "integrity": "sha1-2j6nRob6IaGaERwybpDrFaAZZoY=",
      "dependencies": {
        "minimist": "~0.0.1",
        "wordwrap": "~0.0.2"
      }
    },
    "node_modules/perfect-scrollbar": {
      "version": "0.6.17",
      "resolved": "git+ssh://git@github.com/CartoDB/perfect-scrollbar.git#f2b66c76ad3718d3c704bd7e1693ea382e44e64d",
      "license": "MIT",
      "engines": {
        "node": ">= 0.12.0"
      }
    },
    "node_modules/postcss": {
      "version": "5.0.19",
      "resolved": "https://registry.npmjs.org/postcss/-/postcss-5.0.19.tgz",
      "integrity": "sha1-tjQqAdx1uMq36Wiv2pau/Gf4iK8=",
      "dependencies": {
        "js-base64": "^2.1.9",
        "source-map": "^0.5.1",
        "supports-color": "^3.1.2"
      },
      "engines": {
        "node": ">=0.12"
      }
    },
    "node_modules/postcss-value-parser": {
      "version": "3.3.0",
      "resolved": "https://registry.npmjs.org/postcss-value-parser/-/postcss-value-parser-3.3.0.tgz",
      "integrity": "sha1-h/OPnxj3dKSrTIojL1xc6IcqnRU="
    },
    "node_modules/promise-polyfill": {
      "version": "6.1.0",
      "resolved": "https://registry.npmjs.org/promise-polyfill/-/promise-polyfill-6.1.0.tgz",
      "integrity": "sha1-36lpQ+qcEh/KTem1hoyznTRy4Fc="
    },
    "node_modules/simple-statistics": {
      "version": "0.9.2",
      "resolved": "https://registry.npmjs.org/simple-statistics/-/simple-statistics-0.9.2.tgz",
      "integrity": "sha1-PjXLEDCPx2ljqk7nJS5qbqENKOQ=",
      "engines": {
        "node": "*"
      }
    },
    "node_modules/source-map": {
      "version": "0.5.7",
      "resolved": "https://registry.npmjs.org/source-map/-/source-map-0.5.7.tgz",
      "integrity": "sha1-igOdLRAh0i0eoUyA2OpGi6LvP8w=",
      "engines": {
        "node": ">=0.10.0"
      }
    },
    "node_modules/supports-color": {
      "version": "3.2.3",
      "resolved": "https://registry.npmjs.org/supports-color/-/supports-color-3.2.3.tgz",
      "integrity": "sha1-ZawFBLOVQXHYpklGsq48u4pfVPY=",
      "dependencies": {
        "has-flag": "^1.0.0"
      },
      "engines": {
        "node": ">=0.8.0"
      }
    },
    "node_modules/torque.js": {
      "version": "3.1.2",
      "resolved": "git+ssh://git@github.com/CartoDB/torque.git#11b73bbc9a55b7c67c1ab72759a58eb417b88555",
      "license": "BSD-3-Clause",
      "dependencies": {
        "carto": "cartodb/carto#master",
        "d3": "3.5.17",
        "turbo-carto": "^0.21.1",
        "turf-jenks": "~1.0.1"
      }
    },
    "node_modules/turbo-carto": {
      "version": "0.21.3",
      "resolved": "https://registry.npmjs.org/turbo-carto/-/turbo-carto-0.21.3.tgz",
      "integrity": "sha512-+eaRjoq9XhvU1U4XH5lvcBgA0P3gG7eVfCt/CUx+oqZP0kUV08kicLQeAZbmZpCYF5LYFwCppW7O1MCisnDQow==",
      "dependencies": {
        "cartocolor": "^4.0.2",
        "colorbrewer": "1.0.0",
        "debug": "^3.1.0",
        "es6-promise": "3.1.2",
        "postcss": "5.0.19",
        "postcss-value-parser": "3.3.0"
      }
    },
    "node_modules/turf-jenks": {
      "version": "1.0.1",
      "resolved": "https://registry.npmjs.org/turf-jenks/-/turf-jenks-1.0.1.tgz",
      "integrity": "sha1-XHKuoTpxbv8vACOnLPpUmgAgLX8=",
      "dependencies": {
        "simple-statistics": "^0.9.0"
      }
    },
    "node_modules/underscore": {
      "version": "1.8.3",
      "resolved": "https://registry.npmjs.org/underscore/-/underscore-1.8.3.tgz",
      "integrity": "sha1-Tz+1OxBuYJf8+ctBCfKl6b36UCI="
    },
    "node_modules/whatwg-fetch": {
      "version": "2.0.4",
      "resolved": "https://registry.npmjs.org/whatwg-fetch/-/whatwg-fetch-2.0.4.tgz",
      "integrity": "sha512-dcQ1GWpOD/eEQ97k66aiEVpNnapVj90/+R+SXTPYGHpYBBypfKJEQjLrvMZ7YXbKm21gXd4NcuxUTjiv1YtLng=="
    },
    "node_modules/wordwrap": {
      "version": "0.0.3",
      "resolved": "https://registry.npmjs.org/wordwrap/-/wordwrap-0.0.3.tgz",
      "integrity": "sha1-o9XabNXAvAAI03I0u68b7WMFkQc=",
      "engines": {
        "node": ">=0.4.0"
      }
    }
  },
  "dependencies": {
    "@carto/carto.js": {
      "version": "4.2.2",
      "resolved": "https://registry.npmjs.org/@carto/carto.js/-/carto.js-4.2.2.tgz",
      "integrity": "sha512-RGtVCADoZhecNlD2TwJ7nACqeGrPeYB8DeJW45Ngu6AUN5BIAVzBOofoD+pQpxPmfFT3i0jaC79Lu8/tbUXPYQ==",
      "requires": {
        "@carto/zera": "1.0.7",
        "backbone": "1.2.3",
        "backbone-poller": "^1.1.3",
        "camshaft-reference": "0.34.0",
        "carto": "github:cartodb/carto#master",
        "clip-path-polygon": "0.1.12",
        "d3-array": "1.2.1",
        "d3-format": "1.2.0",
        "d3-time-format": "2.1.0",
        "jquery": "2.1.4",
        "mustache": "1.1.0",
        "perfect-scrollbar": "git+https://github.com/CartoDB/perfect-scrollbar.git#master",
        "postcss": "5.0.19",
        "promise-polyfill": "^6.1.0",
        "torque.js": "github:CartoDB/torque#master",
        "underscore": "1.8.3",
        "whatwg-fetch": "^2.0.3"
      }
    },
    "@carto/zera": {
      "version": "1.0.7",
      "resolved": "https://registry.npmjs.org/@carto/zera/-/zera-1.0.7.tgz",
      "integrity": "sha512-I++EJMuybbNohLsaWMpEcs2gSbUhf0JHDgubT6b63kIB8ox5NS9LHeE39vS1DOUQNlDubLp84QDrSIt/aMpA7A=="
    },
    "backbone": {
      "version": "1.2.3",
      "resolved": "https://registry.npmjs.org/backbone/-/backbone-1.2.3.tgz",
      "integrity": "sha1-wiz9B/yG676uYdGJKe0RXpmdZbk=",
      "requires": {
        "underscore": ">=1.7.0"
      }
    },
    "backbone-poller": {
      "version": "1.1.4",
      "resolved": "https://registry.npmjs.org/backbone-poller/-/backbone-poller-1.1.4.tgz",
      "integrity": "sha512-h+2XFKG0LhsB2dd5cWowV+ySyn46loPk5YL3DWdnRI34KbruI2P4ZNJh/qCl90n3rkAv1laEj4lfSUsbiWjDNQ==",
      "requires": {
        "backbone": ">=0.9.*",
        "underscore": "*"
      }
    },
    "camshaft-reference": {
      "version": "0.34.0",
      "resolved": "https://registry.npmjs.org/camshaft-reference/-/camshaft-reference-0.34.0.tgz",
      "integrity": "sha512-oz/NyTrgQBgWBDEbjC/s00XWp/O6qxjOJpNffSlNuT30BvGNsEmfWAgMThOD9SzDkuVgTJbHZGlBr4vkYt5Bew=="
    },
    "carto": {
      "version": "git+ssh://git@github.com/cartodb/carto.git#85881d99dd7fcf2c4e16478b04db67108d27a50c",
      "from": "carto@github:cartodb/carto#master",
      "requires": {
        "mapnik-reference": "~6.0.2",
        "optimist": "~0.6.0",
        "underscore": "1.8.3"
      }
    },
    "cartocolor": {
      "version": "4.0.2",
      "resolved": "https://registry.npmjs.org/cartocolor/-/cartocolor-4.0.2.tgz",
      "integrity": "sha512-+Gh9mb6lFxsDOLQlBLPxAHCnWXlg2W8q3AcVwqRcy95TdBbcOU89Wrb6h2Hd/6Ww1Kc1pzXmUdpnWD+xeCG0dg==",
      "requires": {
        "colorbrewer": "1.0.0"
      }
    },
    "clip-path-polygon": {
      "version": "0.1.12",
      "resolved": "https://registry.npmjs.org/clip-path-polygon/-/clip-path-polygon-0.1.12.tgz",
      "integrity": "sha1-mK+nZEHqbBJWfLELSg+kVrre2kU=",
      "requires": {
        "jquery": "2.1.4"
      }
    },
    "colorbrewer": {
      "version": "1.0.0",
      "resolved": "https://registry.npmjs.org/colorbrewer/-/colorbrewer-1.0.0.tgz",
      "integrity": "sha1-T5czO5abp2Ejgr5LwzlLNB+0yKI="
    },
    "d3": {
      "version": "3.5.17",
      "resolved": "https://registry.npmjs.org/d3/-/d3-3.5.17.tgz",
      "integrity": "sha1-vEZ0gAQ3iyGjYMn8fPUjF5B2L7g="
    },
    "d3-array": {
      "version": "1.2.1",
      "resolved": "https://registry.npmjs.org/d3-array/-/d3-array-1.2.1.tgz",
      "integrity": "sha512-CyINJQ0SOUHojDdFDH4JEM0552vCR1utGyLHegJHyYH0JyCpSeTPxi4OBqHMA2jJZq4NH782LtaJWBImqI/HBw=="
    },
    "d3-format": {
      "version": "1.2.0",
      "resolved": "https://registry.npmjs.org/d3-format/-/d3-format-1.2.0.tgz",
      "integrity": "sha1-a0gLqohohdRlHcJIqPSsnaFtsHo="
    },
    "d3-time": {
      "version": "1.1.0",
      "resolved": "https://registry.npmjs.org/d3-time/-/d3-time-1.1.0.tgz",
      "integrity": "sha512-Xh0isrZ5rPYYdqhAVk8VLnMEidhz5aP7htAADH6MfzgmmicPkTo8LhkLxci61/lCB7n7UmE3bN0leRt+qvkLxA=="
    },
    "d3-time-format": {
      "version": "2.1.0",
      "resolved": "https://registry.npmjs.org/d3-time-format/-/d3-time-format-2.1.0.tgz",
      "integrity": "sha512-mqTsfDTylgwE3YE/VNs9oB2OGX274fO0B5j1irbgLQI+X3FPoJg25pesNxrcdZ2nBeRx/6sHDJlDyMIjWL0BGQ==",
      "requires": {
        "d3-time": "1"
      }
    },
    "debug": {
      "version": "3.2.7",
      "resolved": "https://registry.npmjs.org/debug/-/debug-3.2.7.tgz",
      "integrity": "sha512-CFjzYYAi4ThfiQvizrFQevTTXHtnCqWfe7x1AhgEscTz6ZbLbfoLRLPugTQyBth6f8ZERVUSyWHFD/7Wu4t1XQ==",
      "requires": {
        "ms": "^2.1.1"
      }
    },
    "es6-promise": {
      "version": "3.1.2",
      "resolved": "https://registry.npmjs.org/es6-promise/-/es6-promise-3.1.2.tgz",
      "integrity": "sha1-eV4lzrR/e6uyY9FRr77dktGOagc="
    },
    "has-flag": {
      "version": "1.0.0",
      "resolved": "https://registry.npmjs.org/has-flag/-/has-flag-1.0.0.tgz",
      "integrity": "sha1-nZ55MWXOAXoA8AQYxD+UKnsdEfo="
    },
    "jquery": {
      "version": "2.1.4",
      "resolved": "https://registry.npmjs.org/jquery/-/jquery-2.1.4.tgz",
      "integrity": "sha1-IoveaYoMYUMdwmMKahVPFYkNIxc="
    },
    "js-base64": {
      "version": "2.6.4",
      "resolved": "https://registry.npmjs.org/js-base64/-/js-base64-2.6.4.tgz",
      "integrity": "sha512-pZe//GGmwJndub7ZghVHz7vjb2LgC1m8B07Au3eYqeqv9emhESByMXxaEgkUkEqJe87oBbSniGYoQNIBklc7IQ=="
    },
    "mapnik-reference": {
      "version": "6.0.5",
      "resolved": "https://registry.npmjs.org/mapnik-reference/-/mapnik-reference-6.0.5.tgz",
      "integrity": "sha1-1SMZ4d+I5aB6gR6E3vKhpCO28F8="
    },
    "minimist": {
      "version": "0.0.10",
      "resolved": "https://registry.npmjs.org/minimist/-/minimist-0.0.10.tgz",
      "integrity": "sha1-3j+YVD2/lggr5IrRoMfNqDYwHc8="
    },
    "ms": {
      "version": "2.1.3",
      "resolved": "https://registry.npmjs.org/ms/-/ms-2.1.3.tgz",
      "integrity": "sha512-6FlzubTLZG3J2a/NVCAleEhjzq5oxgHyaCU9yYXvcLsvoVaHJq/s5xXI6/XXP6tz7R9xAOtHnSO/tXtF3WRTlA=="
    },
    "mustache": {
      "version": "1.1.0",
      "resolved": "https://registry.npmjs.org/mustache/-/mustache-1.1.0.tgz",
      "integrity": "sha1-DZpVS0s/niSObCdCwledYY0v8A8="
    },
    "optimist": {
      "version": "0.6.1",
      "resolved": "https://registry.npmjs.org/optimist/-/optimist-0.6.1.tgz",
      "integrity": "sha1-2j6nRob6IaGaERwybpDrFaAZZoY=",
      "requires": {
        "minimist": "~0.0.1",
        "wordwrap": "~0.0.2"
      }
    },
    "perfect-scrollbar": {
      "version": "git+ssh://git@github.com/CartoDB/perfect-scrollbar.git#f2b66c76ad3718d3c704bd7e1693ea382e44e64d",
      "from": "perfect-scrollbar@git+https://github.com/CartoDB/perfect-scrollbar.git#master"
    },
    "postcss": {
      "version": "5.0.19",
      "resolved": "https://registry.npmjs.org/postcss/-/postcss-5.0.19.tgz",
      "integrity": "sha1-tjQqAdx1uMq36Wiv2pau/Gf4iK8=",
      "requires": {
        "js-base64": "^2.1.9",
        "source-map": "^0.5.1",
        "supports-color": "^3.1.2"
      }
    },
    "postcss-value-parser": {
      "version": "3.3.0",
      "resolved": "https://registry.npmjs.org/postcss-value-parser/-/postcss-value-parser-3.3.0.tgz",
      "integrity": "sha1-h/OPnxj3dKSrTIojL1xc6IcqnRU="
    },
    "promise-polyfill": {
      "version": "6.1.0",
      "resolved": "https://registry.npmjs.org/promise-polyfill/-/promise-polyfill-6.1.0.tgz",
      "integrity": "sha1-36lpQ+qcEh/KTem1hoyznTRy4Fc="
    },
    "simple-statistics": {
      "version": "0.9.2",
      "resolved": "https://registry.npmjs.org/simple-statistics/-/simple-statistics-0.9.2.tgz",
      "integrity": "sha1-PjXLEDCPx2ljqk7nJS5qbqENKOQ="
    },
    "source-map": {
      "version": "0.5.7",
      "resolved": "https://registry.npmjs.org/source-map/-/source-map-0.5.7.tgz",
      "integrity": "sha1-igOdLRAh0i0eoUyA2OpGi6LvP8w="
    },
    "supports-color": {
      "version": "3.2.3",
      "resolved": "https://registry.npmjs.org/supports-color/-/supports-color-3.2.3.tgz",
      "integrity": "sha1-ZawFBLOVQXHYpklGsq48u4pfVPY=",
      "requires": {
        "has-flag": "^1.0.0"
      }
    },
    "torque.js": {
      "version": "git+ssh://git@github.com/CartoDB/torque.git#11b73bbc9a55b7c67c1ab72759a58eb417b88555",
      "from": "torque.js@github:CartoDB/torque#master",
      "requires": {
        "carto": "cartodb/carto#master",
        "d3": "3.5.17",
        "turbo-carto": "^0.21.1",
        "turf-jenks": "~1.0.1"
      }
    },
    "turbo-carto": {
      "version": "0.21.3",
      "resolved": "https://registry.npmjs.org/turbo-carto/-/turbo-carto-0.21.3.tgz",
      "integrity": "sha512-+eaRjoq9XhvU1U4XH5lvcBgA0P3gG7eVfCt/CUx+oqZP0kUV08kicLQeAZbmZpCYF5LYFwCppW7O1MCisnDQow==",
      "requires": {
        "cartocolor": "^4.0.2",
        "colorbrewer": "1.0.0",
        "debug": "^3.1.0",
        "es6-promise": "3.1.2",
        "postcss": "5.0.19",
        "postcss-value-parser": "3.3.0"
      }
    },
    "turf-jenks": {
      "version": "1.0.1",
      "resolved": "https://registry.npmjs.org/turf-jenks/-/turf-jenks-1.0.1.tgz",
      "integrity": "sha1-XHKuoTpxbv8vACOnLPpUmgAgLX8=",
      "requires": {
        "simple-statistics": "^0.9.0"
      }
    },
    "underscore": {
      "version": "1.8.3",
      "resolved": "https://registry.npmjs.org/underscore/-/underscore-1.8.3.tgz",
      "integrity": "sha1-Tz+1OxBuYJf8+ctBCfKl6b36UCI="
    },
    "whatwg-fetch": {
      "version": "2.0.4",
      "resolved": "https://registry.npmjs.org/whatwg-fetch/-/whatwg-fetch-2.0.4.tgz",
      "integrity": "sha512-dcQ1GWpOD/eEQ97k66aiEVpNnapVj90/+R+SXTPYGHpYBBypfKJEQjLrvMZ7YXbKm21gXd4NcuxUTjiv1YtLng=="
    },
    "wordwrap": {
      "version": "0.0.3",
      "resolved": "https://registry.npmjs.org/wordwrap/-/wordwrap-0.0.3.tgz",
      "integrity": "sha1-o9XabNXAvAAI03I0u68b7WMFkQc="
    }
  }
}
